// !$*UTF8*$!
{
	archiveVersion = 1;
	classes = {
	};
	objectVersion = 56;
	objects = {

/* Begin PBXBuildFile section */
		022F68B82962D3A200F32CE1 /* Buildable.swift in Sources */ = {isa = PBXBuildFile; fileRef = 022F68B72962D3A200F32CE1 /* Buildable.swift */; };
		023B559429655CD200FB2462 /* CGFloat+Extension.swift in Sources */ = {isa = PBXBuildFile; fileRef = 023B559329655CD200FB2462 /* CGFloat+Extension.swift */; };
		0253816729674D3D00D29A97 /* LandingPageViewController.swift in Sources */ = {isa = PBXBuildFile; fileRef = 0253816629674D3D00D29A97 /* LandingPageViewController.swift */; };
		0269E2242961DAB800309E8A /* Pretendard-Bold.otf in Resources */ = {isa = PBXBuildFile; fileRef = 0269E2232961DAB800309E8A /* Pretendard-Bold.otf */; };
		0269E2262961DAC900309E8A /* Pretendard-Medium.otf in Resources */ = {isa = PBXBuildFile; fileRef = 0269E2252961DAC900309E8A /* Pretendard-Medium.otf */; };
		0269E2282961DAD400309E8A /* Pretendard-SemiBold.otf in Resources */ = {isa = PBXBuildFile; fileRef = 0269E2272961DAD400309E8A /* Pretendard-SemiBold.otf */; };
		0269E22A2961DC3700309E8A /* UIFont+Extension.swift in Sources */ = {isa = PBXBuildFile; fileRef = 0269E2292961DC3700309E8A /* UIFont+Extension.swift */; };
		02C066A42961C98600AED030 /* UIColor+Extension.swift in Sources */ = {isa = PBXBuildFile; fileRef = 02C066A32961C98600AED030 /* UIColor+Extension.swift */; };
		02F262AE2965ABEE005A1CE4 /* LoadingView.swift in Sources */ = {isa = PBXBuildFile; fileRef = 02F262AD2965ABEE005A1CE4 /* LoadingView.swift */; };
		B10AAD3C296967C700AB8475 /* SeparatedButton.swift in Sources */ = {isa = PBXBuildFile; fileRef = B10AAD38296967C600AB8475 /* SeparatedButton.swift */; };
		B10AAD3D296967C700AB8475 /* UIView+Extension.swift in Sources */ = {isa = PBXBuildFile; fileRef = B10AAD39296967C700AB8475 /* UIView+Extension.swift */; };
		B10AAD3E296967C700AB8475 /* ReusableView.swift in Sources */ = {isa = PBXBuildFile; fileRef = B10AAD3A296967C700AB8475 /* ReusableView.swift */; };
		B10AAD3F296967C700AB8475 /* BottomSheetViewController.swift in Sources */ = {isa = PBXBuildFile; fileRef = B10AAD3B296967C700AB8475 /* BottomSheetViewController.swift */; };
		B10AAD43296967D000AB8475 /* CustomNavigationAnimator.swift in Sources */ = {isa = PBXBuildFile; fileRef = B10AAD40296967D000AB8475 /* CustomNavigationAnimator.swift */; };
		B10AAD44296967D000AB8475 /* CustomNavigationManager.swift in Sources */ = {isa = PBXBuildFile; fileRef = B10AAD41296967D000AB8475 /* CustomNavigationManager.swift */; };
		B10AAD45296967D000AB8475 /* CustomNavigationPresentationController.swift in Sources */ = {isa = PBXBuildFile; fileRef = B10AAD42296967D000AB8475 /* CustomNavigationPresentationController.swift */; };
		B10AAD61296967F300AB8475 /* IDCardContentView.swift in Sources */ = {isa = PBXBuildFile; fileRef = B10AAD46296967F000AB8475 /* IDCardContentView.swift */; };
		B10AAD62296967F300AB8475 /* BenefitInfoViewController.swift in Sources */ = {isa = PBXBuildFile; fileRef = B10AAD47296967F000AB8475 /* BenefitInfoViewController.swift */; };
		B10AAD63296967F300AB8475 /* BenefitInfoView.swift in Sources */ = {isa = PBXBuildFile; fileRef = B10AAD48296967F000AB8475 /* BenefitInfoView.swift */; };
		B10AAD64296967F300AB8475 /* BenefitCollectionViewCell.swift in Sources */ = {isa = PBXBuildFile; fileRef = B10AAD49296967F000AB8475 /* BenefitCollectionViewCell.swift */; };
		B10AAD68296967F300AB8475 /* IDCardCotentActionables.swift in Sources */ = {isa = PBXBuildFile; fileRef = B10AAD4E296967F100AB8475 /* IDCardCotentActionables.swift */; };
		B10AAD6D296967F300AB8475 /* IDDetailActionables.swift in Sources */ = {isa = PBXBuildFile; fileRef = B10AAD54296967F100AB8475 /* IDDetailActionables.swift */; };
		B10AAD6E296967F300AB8475 /* IDContentActions.swift in Sources */ = {isa = PBXBuildFile; fileRef = B10AAD55296967F100AB8475 /* IDContentActions.swift */; };
		B10AAD70296967F300AB8475 /* IDCardView.swift in Sources */ = {isa = PBXBuildFile; fileRef = B10AAD57296967F200AB8475 /* IDCardView.swift */; };
		B10AAD71296967F300AB8475 /* IDIssueActionables.swift in Sources */ = {isa = PBXBuildFile; fileRef = B10AAD58296967F200AB8475 /* IDIssueActionables.swift */; };
		B10AAD7929696AEE00AB8475 /* BottomSheet in Frameworks */ = {isa = PBXBuildFile; productRef = B10AACFA29673D4100AB8475 /* BottomSheet */; };
		B10AAD7B29696C7700AB8475 /* IDViewController.swift in Sources */ = {isa = PBXBuildFile; fileRef = B10AAD7A29696C7700AB8475 /* IDViewController.swift */; };
		B10AAD8229696FCA00AB8475 /* IDDetailViewController.swift in Sources */ = {isa = PBXBuildFile; fileRef = B10AAD56296967F200AB8475 /* IDDetailViewController.swift */; };
		B10AAD8329696FCD00AB8475 /* IDDetailView.swift in Sources */ = {isa = PBXBuildFile; fileRef = B10AAD4F296967F100AB8475 /* IDDetailView.swift */; };
		B10AAD842969706700AB8475 /* IDNotAvailableView.swift in Sources */ = {isa = PBXBuildFile; fileRef = B10AAD59296967F200AB8475 /* IDNotAvailableView.swift */; };
		B14D107E2959C7980004946F /* AppDelegate.swift in Sources */ = {isa = PBXBuildFile; fileRef = B14D107D2959C7980004946F /* AppDelegate.swift */; };
		B14D10802959C7980004946F /* SceneDelegate.swift in Sources */ = {isa = PBXBuildFile; fileRef = B14D107F2959C7980004946F /* SceneDelegate.swift */; };
		B14D10872959C79A0004946F /* Assets.xcassets in Resources */ = {isa = PBXBuildFile; fileRef = B14D10862959C79A0004946F /* Assets.xcassets */; };
		B14D108A2959C79A0004946F /* LaunchScreen.storyboard in Resources */ = {isa = PBXBuildFile; fileRef = B14D10882959C79A0004946F /* LaunchScreen.storyboard */; };
		B14D10952959C79A0004946F /* KeyneezTests.swift in Sources */ = {isa = PBXBuildFile; fileRef = B14D10942959C79A0004946F /* KeyneezTests.swift */; };
		B14D109F2959C79A0004946F /* KeyneezUITests.swift in Sources */ = {isa = PBXBuildFile; fileRef = B14D109E2959C79A0004946F /* KeyneezUITests.swift */; };
		B14D10A12959C79A0004946F /* KeyneezUITestsLaunchTests.swift in Sources */ = {isa = PBXBuildFile; fileRef = B14D10A02959C79A0004946F /* KeyneezUITestsLaunchTests.swift */; };
		B14D10AF2959CA080004946F /* KeyneezTabbarController.swift in Sources */ = {isa = PBXBuildFile; fileRef = B14D10AE2959CA080004946F /* KeyneezTabbarController.swift */; };
		B14D10BE2959D26C0004946F /* Then in Frameworks */ = {isa = PBXBuildFile; productRef = B14D10BD2959D26C0004946F /* Then */; };
		B14D10C12959D2BC0004946F /* Moya in Frameworks */ = {isa = PBXBuildFile; productRef = B14D10C02959D2BC0004946F /* Moya */; };
		B14D10C42959D3070004946F /* Kingfisher in Frameworks */ = {isa = PBXBuildFile; productRef = B14D10C32959D3070004946F /* Kingfisher */; };
		B14D10C72959D3720004946F /* SnapKit in Frameworks */ = {isa = PBXBuildFile; productRef = B14D10C62959D3720004946F /* SnapKit */; };
		B18B60CF296552DA00AF14F5 /* KeyneezTextFieldFactory.swift in Sources */ = {isa = PBXBuildFile; fileRef = B18B60C4296552DA00AF14F5 /* KeyneezTextFieldFactory.swift */; };
		B18B60D0296552DA00AF14F5 /* UITextField+Extension.swift in Sources */ = {isa = PBXBuildFile; fileRef = B18B60C5296552DA00AF14F5 /* UITextField+Extension.swift */; };
		B18B60D1296552DA00AF14F5 /* NiblessView.swift in Sources */ = {isa = PBXBuildFile; fileRef = B18B60C7296552DA00AF14F5 /* NiblessView.swift */; };
		B18B60D2296552DA00AF14F5 /* NiblessViewController.swift in Sources */ = {isa = PBXBuildFile; fileRef = B18B60C8296552DA00AF14F5 /* NiblessViewController.swift */; };
		B18B60D3296552DA00AF14F5 /* UIButton+Extension.swift in Sources */ = {isa = PBXBuildFile; fileRef = B18B60C9296552DA00AF14F5 /* UIButton+Extension.swift */; };
		B18B60D4296552DA00AF14F5 /* NavigationBarProtocol.swift in Sources */ = {isa = PBXBuildFile; fileRef = B18B60CA296552DA00AF14F5 /* NavigationBarProtocol.swift */; };
		B18B60D5296552DA00AF14F5 /* NavigationBar.swift in Sources */ = {isa = PBXBuildFile; fileRef = B18B60CC296552DA00AF14F5 /* NavigationBar.swift */; };
		B18B60D6296552DA00AF14F5 /* NavigationViewItem.swift in Sources */ = {isa = PBXBuildFile; fileRef = B18B60CD296552DA00AF14F5 /* NavigationViewItem.swift */; };
		B18B60D7296552DA00AF14F5 /* NavigationViewBuilder.swift in Sources */ = {isa = PBXBuildFile; fileRef = B18B60CE296552DA00AF14F5 /* NavigationViewBuilder.swift */; };
		B1B21D0E295C985C0083D9EE /* Toast in Frameworks */ = {isa = PBXBuildFile; productRef = B1B21D0D295C985C0083D9EE /* Toast */; };
		B1B21D11295C99280083D9EE /* FloatingPanel in Frameworks */ = {isa = PBXBuildFile; productRef = B1B21D10295C99280083D9EE /* FloatingPanel */; };
		B1B21D14295C9C4B0083D9EE /* Floaty in Frameworks */ = {isa = PBXBuildFile; productRef = B1B21D13295C9C4B0083D9EE /* Floaty */; };
		B1B21D17295DE0660083D9EE /* .swiftlint.yml in Resources */ = {isa = PBXBuildFile; fileRef = B1B21D16295DE0660083D9EE /* .swiftlint.yml */; };
		B8C02F022962F4AF005612CE /* KeyneezTabbar.swift in Sources */ = {isa = PBXBuildFile; fileRef = B8C02F012962F4AF005612CE /* KeyneezTabbar.swift */; };
		B8C02F052962F5D4005612CE /* SettingViewController.swift in Sources */ = {isa = PBXBuildFile; fileRef = B8C02F042962F5D4005612CE /* SettingViewController.swift */; };
		B8C02F092962F646005612CE /* MyPageViewController.swift in Sources */ = {isa = PBXBuildFile; fileRef = B8C02F082962F646005612CE /* MyPageViewController.swift */; };
		B8C02F0B2962F65E005612CE /* HomeViewController.swift in Sources */ = {isa = PBXBuildFile; fileRef = B8C02F0A2962F65E005612CE /* HomeViewController.swift */; };
		B8C02F0D2962F683005612CE /* LikeViewController.swift in Sources */ = {isa = PBXBuildFile; fileRef = B8C02F0C2962F683005612CE /* LikeViewController.swift */; };
		B8C02F2429681E62005612CE /* HomeContentModel.swift in Sources */ = {isa = PBXBuildFile; fileRef = B8C02F2329681E62005612CE /* HomeContentModel.swift */; };
		B8C02F2829682E41005612CE /* HomeContentCollectionViewCell.swift in Sources */ = {isa = PBXBuildFile; fileRef = B8C02F2729682E41005612CE /* HomeContentCollectionViewCell.swift */; };
		B8C02F2A29694C82005612CE /* HomeRecommendViewController.swift in Sources */ = {isa = PBXBuildFile; fileRef = B8C02F2929694C82005612CE /* HomeRecommendViewController.swift */; };
		B8C02F2C29696537005612CE /* HomePopularViewController.swift in Sources */ = {isa = PBXBuildFile; fileRef = B8C02F2B29696537005612CE /* HomePopularViewController.swift */; };
		B8C02F2E29696DFD005612CE /* HomeNewestViewController.swift in Sources */ = {isa = PBXBuildFile; fileRef = B8C02F2D29696DFD005612CE /* HomeNewestViewController.swift */; };
		B8C02F30296B185B005612CE /* UISegmentedControl+Extension.swift in Sources */ = {isa = PBXBuildFile; fileRef = B8C02F2F296B185B005612CE /* UISegmentedControl+Extension.swift */; };
/* End PBXBuildFile section */

/* Begin PBXContainerItemProxy section */
		B14D10912959C79A0004946F /* PBXContainerItemProxy */ = {
			isa = PBXContainerItemProxy;
			containerPortal = B14D10722959C7980004946F /* Project object */;
			proxyType = 1;
			remoteGlobalIDString = B14D10792959C7980004946F;
			remoteInfo = Keyneez;
		};
		B14D109B2959C79A0004946F /* PBXContainerItemProxy */ = {
			isa = PBXContainerItemProxy;
			containerPortal = B14D10722959C7980004946F /* Project object */;
			proxyType = 1;
			remoteGlobalIDString = B14D10792959C7980004946F;
			remoteInfo = Keyneez;
		};
/* End PBXContainerItemProxy section */

/* Begin PBXFileReference section */
		022F68B42962D10500F32CE1 /* UITextField+Extension.swift */ = {isa = PBXFileReference; lastKnownFileType = sourcecode.swift; path = "UITextField+Extension.swift"; sourceTree = "<group>"; };
		022F68B72962D3A200F32CE1 /* Buildable.swift */ = {isa = PBXFileReference; lastKnownFileType = sourcecode.swift; path = Buildable.swift; sourceTree = "<group>"; };
		023B559329655CD200FB2462 /* CGFloat+Extension.swift */ = {isa = PBXFileReference; lastKnownFileType = sourcecode.swift; path = "CGFloat+Extension.swift"; sourceTree = "<group>"; };
		0253816629674D3D00D29A97 /* LandingPageViewController.swift */ = {isa = PBXFileReference; lastKnownFileType = sourcecode.swift; path = LandingPageViewController.swift; sourceTree = "<group>"; };
		0269E2232961DAB800309E8A /* Pretendard-Bold.otf */ = {isa = PBXFileReference; lastKnownFileType = file; path = "Pretendard-Bold.otf"; sourceTree = "<group>"; };
		0269E2252961DAC900309E8A /* Pretendard-Medium.otf */ = {isa = PBXFileReference; lastKnownFileType = file; path = "Pretendard-Medium.otf"; sourceTree = "<group>"; };
		0269E2272961DAD400309E8A /* Pretendard-SemiBold.otf */ = {isa = PBXFileReference; lastKnownFileType = file; path = "Pretendard-SemiBold.otf"; sourceTree = "<group>"; };
		0269E2292961DC3700309E8A /* UIFont+Extension.swift */ = {isa = PBXFileReference; lastKnownFileType = sourcecode.swift; path = "UIFont+Extension.swift"; sourceTree = "<group>"; };
		02C066A32961C98600AED030 /* UIColor+Extension.swift */ = {isa = PBXFileReference; lastKnownFileType = sourcecode.swift; path = "UIColor+Extension.swift"; sourceTree = "<group>"; };
		02F262AD2965ABEE005A1CE4 /* LoadingView.swift */ = {isa = PBXFileReference; lastKnownFileType = sourcecode.swift; path = LoadingView.swift; sourceTree = "<group>"; };
		B10AAD38296967C600AB8475 /* SeparatedButton.swift */ = {isa = PBXFileReference; fileEncoding = 4; lastKnownFileType = sourcecode.swift; path = SeparatedButton.swift; sourceTree = "<group>"; };
		B10AAD39296967C700AB8475 /* UIView+Extension.swift */ = {isa = PBXFileReference; fileEncoding = 4; lastKnownFileType = sourcecode.swift; path = "UIView+Extension.swift"; sourceTree = "<group>"; };
		B10AAD3A296967C700AB8475 /* ReusableView.swift */ = {isa = PBXFileReference; fileEncoding = 4; lastKnownFileType = sourcecode.swift; path = ReusableView.swift; sourceTree = "<group>"; };
		B10AAD3B296967C700AB8475 /* BottomSheetViewController.swift */ = {isa = PBXFileReference; fileEncoding = 4; lastKnownFileType = sourcecode.swift; path = BottomSheetViewController.swift; sourceTree = "<group>"; };
		B10AAD40296967D000AB8475 /* CustomNavigationAnimator.swift */ = {isa = PBXFileReference; fileEncoding = 4; lastKnownFileType = sourcecode.swift; path = CustomNavigationAnimator.swift; sourceTree = "<group>"; };
		B10AAD41296967D000AB8475 /* CustomNavigationManager.swift */ = {isa = PBXFileReference; fileEncoding = 4; lastKnownFileType = sourcecode.swift; path = CustomNavigationManager.swift; sourceTree = "<group>"; };
		B10AAD42296967D000AB8475 /* CustomNavigationPresentationController.swift */ = {isa = PBXFileReference; fileEncoding = 4; lastKnownFileType = sourcecode.swift; path = CustomNavigationPresentationController.swift; sourceTree = "<group>"; };
		B10AAD46296967F000AB8475 /* IDCardContentView.swift */ = {isa = PBXFileReference; fileEncoding = 4; lastKnownFileType = sourcecode.swift; path = IDCardContentView.swift; sourceTree = "<group>"; };
		B10AAD47296967F000AB8475 /* BenefitInfoViewController.swift */ = {isa = PBXFileReference; fileEncoding = 4; lastKnownFileType = sourcecode.swift; path = BenefitInfoViewController.swift; sourceTree = "<group>"; };
		B10AAD48296967F000AB8475 /* BenefitInfoView.swift */ = {isa = PBXFileReference; fileEncoding = 4; lastKnownFileType = sourcecode.swift; path = BenefitInfoView.swift; sourceTree = "<group>"; };
		B10AAD49296967F000AB8475 /* BenefitCollectionViewCell.swift */ = {isa = PBXFileReference; fileEncoding = 4; lastKnownFileType = sourcecode.swift; path = BenefitCollectionViewCell.swift; sourceTree = "<group>"; };
		B10AAD4E296967F100AB8475 /* IDCardCotentActionables.swift */ = {isa = PBXFileReference; fileEncoding = 4; lastKnownFileType = sourcecode.swift; path = IDCardCotentActionables.swift; sourceTree = "<group>"; };
		B10AAD4F296967F100AB8475 /* IDDetailView.swift */ = {isa = PBXFileReference; fileEncoding = 4; lastKnownFileType = sourcecode.swift; path = IDDetailView.swift; sourceTree = "<group>"; };
		B10AAD54296967F100AB8475 /* IDDetailActionables.swift */ = {isa = PBXFileReference; fileEncoding = 4; lastKnownFileType = sourcecode.swift; path = IDDetailActionables.swift; sourceTree = "<group>"; };
		B10AAD55296967F100AB8475 /* IDContentActions.swift */ = {isa = PBXFileReference; fileEncoding = 4; lastKnownFileType = sourcecode.swift; path = IDContentActions.swift; sourceTree = "<group>"; };
		B10AAD56296967F200AB8475 /* IDDetailViewController.swift */ = {isa = PBXFileReference; fileEncoding = 4; lastKnownFileType = sourcecode.swift; path = IDDetailViewController.swift; sourceTree = "<group>"; };
		B10AAD57296967F200AB8475 /* IDCardView.swift */ = {isa = PBXFileReference; fileEncoding = 4; lastKnownFileType = sourcecode.swift; path = IDCardView.swift; sourceTree = "<group>"; };
		B10AAD58296967F200AB8475 /* IDIssueActionables.swift */ = {isa = PBXFileReference; fileEncoding = 4; lastKnownFileType = sourcecode.swift; path = IDIssueActionables.swift; sourceTree = "<group>"; };
		B10AAD59296967F200AB8475 /* IDNotAvailableView.swift */ = {isa = PBXFileReference; fileEncoding = 4; lastKnownFileType = sourcecode.swift; path = IDNotAvailableView.swift; sourceTree = "<group>"; };
		B10AAD7A29696C7700AB8475 /* IDViewController.swift */ = {isa = PBXFileReference; fileEncoding = 4; lastKnownFileType = sourcecode.swift; path = IDViewController.swift; sourceTree = "<group>"; };
		B14D107A2959C7980004946F /* Keyneez.app */ = {isa = PBXFileReference; explicitFileType = wrapper.application; includeInIndex = 0; path = Keyneez.app; sourceTree = BUILT_PRODUCTS_DIR; };
		B14D107D2959C7980004946F /* AppDelegate.swift */ = {isa = PBXFileReference; lastKnownFileType = sourcecode.swift; path = AppDelegate.swift; sourceTree = "<group>"; };
		B14D107F2959C7980004946F /* SceneDelegate.swift */ = {isa = PBXFileReference; lastKnownFileType = sourcecode.swift; path = SceneDelegate.swift; sourceTree = "<group>"; };
		B14D10862959C79A0004946F /* Assets.xcassets */ = {isa = PBXFileReference; lastKnownFileType = folder.assetcatalog; path = Assets.xcassets; sourceTree = "<group>"; };
		B14D10892959C79A0004946F /* Base */ = {isa = PBXFileReference; lastKnownFileType = file.storyboard; name = Base; path = Base.lproj/LaunchScreen.storyboard; sourceTree = "<group>"; };
		B14D108B2959C79A0004946F /* Info.plist */ = {isa = PBXFileReference; lastKnownFileType = text.plist.xml; path = Info.plist; sourceTree = "<group>"; };
		B14D10902959C79A0004946F /* KeyneezTests.xctest */ = {isa = PBXFileReference; explicitFileType = wrapper.cfbundle; includeInIndex = 0; path = KeyneezTests.xctest; sourceTree = BUILT_PRODUCTS_DIR; };
		B14D10942959C79A0004946F /* KeyneezTests.swift */ = {isa = PBXFileReference; lastKnownFileType = sourcecode.swift; path = KeyneezTests.swift; sourceTree = "<group>"; };
		B14D109A2959C79A0004946F /* KeyneezUITests.xctest */ = {isa = PBXFileReference; explicitFileType = wrapper.cfbundle; includeInIndex = 0; path = KeyneezUITests.xctest; sourceTree = BUILT_PRODUCTS_DIR; };
		B14D109E2959C79A0004946F /* KeyneezUITests.swift */ = {isa = PBXFileReference; lastKnownFileType = sourcecode.swift; path = KeyneezUITests.swift; sourceTree = "<group>"; };
		B14D10A02959C79A0004946F /* KeyneezUITestsLaunchTests.swift */ = {isa = PBXFileReference; lastKnownFileType = sourcecode.swift; path = KeyneezUITestsLaunchTests.swift; sourceTree = "<group>"; };
		B14D10AE2959CA080004946F /* KeyneezTabbarController.swift */ = {isa = PBXFileReference; lastKnownFileType = sourcecode.swift; path = KeyneezTabbarController.swift; sourceTree = "<group>"; };
		B184089329632CBD005E4802 /* KeyneezTextFieldFactory.swift */ = {isa = PBXFileReference; lastKnownFileType = sourcecode.swift; path = KeyneezTextFieldFactory.swift; sourceTree = "<group>"; };
		B18B60C4296552DA00AF14F5 /* KeyneezTextFieldFactory.swift */ = {isa = PBXFileReference; fileEncoding = 4; lastKnownFileType = sourcecode.swift; path = KeyneezTextFieldFactory.swift; sourceTree = "<group>"; };
		B18B60C5296552DA00AF14F5 /* UITextField+Extension.swift */ = {isa = PBXFileReference; fileEncoding = 4; lastKnownFileType = sourcecode.swift; path = "UITextField+Extension.swift"; sourceTree = "<group>"; };
		B18B60C7296552DA00AF14F5 /* NiblessView.swift */ = {isa = PBXFileReference; fileEncoding = 4; lastKnownFileType = sourcecode.swift; path = NiblessView.swift; sourceTree = "<group>"; };
		B18B60C8296552DA00AF14F5 /* NiblessViewController.swift */ = {isa = PBXFileReference; fileEncoding = 4; lastKnownFileType = sourcecode.swift; path = NiblessViewController.swift; sourceTree = "<group>"; };
		B18B60C9296552DA00AF14F5 /* UIButton+Extension.swift */ = {isa = PBXFileReference; fileEncoding = 4; lastKnownFileType = sourcecode.swift; path = "UIButton+Extension.swift"; sourceTree = "<group>"; };
		B18B60CA296552DA00AF14F5 /* NavigationBarProtocol.swift */ = {isa = PBXFileReference; fileEncoding = 4; lastKnownFileType = sourcecode.swift; path = NavigationBarProtocol.swift; sourceTree = "<group>"; };
		B18B60CC296552DA00AF14F5 /* NavigationBar.swift */ = {isa = PBXFileReference; fileEncoding = 4; lastKnownFileType = sourcecode.swift; path = NavigationBar.swift; sourceTree = "<group>"; };
		B18B60CD296552DA00AF14F5 /* NavigationViewItem.swift */ = {isa = PBXFileReference; fileEncoding = 4; lastKnownFileType = sourcecode.swift; path = NavigationViewItem.swift; sourceTree = "<group>"; };
		B18B60CE296552DA00AF14F5 /* NavigationViewBuilder.swift */ = {isa = PBXFileReference; fileEncoding = 4; lastKnownFileType = sourcecode.swift; path = NavigationViewBuilder.swift; sourceTree = "<group>"; };
		B1B21D16295DE0660083D9EE /* .swiftlint.yml */ = {isa = PBXFileReference; lastKnownFileType = text.yaml; path = .swiftlint.yml; sourceTree = "<group>"; };
		B8C02F012962F4AF005612CE /* KeyneezTabbar.swift */ = {isa = PBXFileReference; lastKnownFileType = sourcecode.swift; path = KeyneezTabbar.swift; sourceTree = "<group>"; };
		B8C02F042962F5D4005612CE /* SettingViewController.swift */ = {isa = PBXFileReference; lastKnownFileType = sourcecode.swift; path = SettingViewController.swift; sourceTree = "<group>"; };
		B8C02F082962F646005612CE /* MyPageViewController.swift */ = {isa = PBXFileReference; lastKnownFileType = sourcecode.swift; name = MyPageViewController.swift; path = Keyneez/Tab/MyPage/MyPageViewController.swift; sourceTree = SOURCE_ROOT; };
		B8C02F0A2962F65E005612CE /* HomeViewController.swift */ = {isa = PBXFileReference; lastKnownFileType = sourcecode.swift; name = HomeViewController.swift; path = Keyneez/Tab/Home/Controllers/HomeViewController.swift; sourceTree = SOURCE_ROOT; };
		B8C02F0C2962F683005612CE /* LikeViewController.swift */ = {isa = PBXFileReference; lastKnownFileType = sourcecode.swift; path = LikeViewController.swift; sourceTree = "<group>"; };
		B8C02F2329681E62005612CE /* HomeContentModel.swift */ = {isa = PBXFileReference; lastKnownFileType = sourcecode.swift; path = HomeContentModel.swift; sourceTree = "<group>"; };
		B8C02F2729682E41005612CE /* HomeContentCollectionViewCell.swift */ = {isa = PBXFileReference; lastKnownFileType = sourcecode.swift; path = HomeContentCollectionViewCell.swift; sourceTree = "<group>"; };
		B8C02F2929694C82005612CE /* HomeRecommendViewController.swift */ = {isa = PBXFileReference; lastKnownFileType = sourcecode.swift; path = HomeRecommendViewController.swift; sourceTree = "<group>"; };
		B8C02F2B29696537005612CE /* HomePopularViewController.swift */ = {isa = PBXFileReference; lastKnownFileType = sourcecode.swift; path = HomePopularViewController.swift; sourceTree = "<group>"; };
		B8C02F2D29696DFD005612CE /* HomeNewestViewController.swift */ = {isa = PBXFileReference; lastKnownFileType = sourcecode.swift; path = HomeNewestViewController.swift; sourceTree = "<group>"; };
		B8C02F2F296B185B005612CE /* UISegmentedControl+Extension.swift */ = {isa = PBXFileReference; lastKnownFileType = sourcecode.swift; path = "UISegmentedControl+Extension.swift"; sourceTree = "<group>"; };
/* End PBXFileReference section */

/* Begin PBXFrameworksBuildPhase section */
		B14D10772959C7980004946F /* Frameworks */ = {
			isa = PBXFrameworksBuildPhase;
			buildActionMask = 2147483647;
			files = (
				B10AAD7929696AEE00AB8475 /* BottomSheet in Frameworks */,
				B14D10C42959D3070004946F /* Kingfisher in Frameworks */,
				B14D10C72959D3720004946F /* SnapKit in Frameworks */,
				B14D10C12959D2BC0004946F /* Moya in Frameworks */,
				B1B21D14295C9C4B0083D9EE /* Floaty in Frameworks */,
				B1B21D11295C99280083D9EE /* FloatingPanel in Frameworks */,
				B1B21D0E295C985C0083D9EE /* Toast in Frameworks */,
				B14D10BE2959D26C0004946F /* Then in Frameworks */,
			);
			runOnlyForDeploymentPostprocessing = 0;
		};
		B14D108D2959C79A0004946F /* Frameworks */ = {
			isa = PBXFrameworksBuildPhase;
			buildActionMask = 2147483647;
			files = (
			);
			runOnlyForDeploymentPostprocessing = 0;
		};
		B14D10972959C79A0004946F /* Frameworks */ = {
			isa = PBXFrameworksBuildPhase;
			buildActionMask = 2147483647;
			files = (
			);
			runOnlyForDeploymentPostprocessing = 0;
		};
/* End PBXFrameworksBuildPhase section */

/* Begin PBXGroup section */
		022F68B62962D33B00F32CE1 /* Protocol */ = {
			isa = PBXGroup;
			children = (
				022F68B72962D3A200F32CE1 /* Buildable.swift */,
			);
			path = Protocol;
			sourceTree = "<group>";
		};
		0269E2222961D79200309E8A /* File */ = {
			isa = PBXGroup;
			children = (
				0269E2272961DAD400309E8A /* Pretendard-SemiBold.otf */,
				0269E2252961DAC900309E8A /* Pretendard-Medium.otf */,
				0269E2232961DAB800309E8A /* Pretendard-Bold.otf */,
			);
			path = File;
			sourceTree = "<group>";
		};
		02F262B32965FE75005A1CE4 /* LandingPageView */ = {
			isa = PBXGroup;
			children = (
				0253816629674D3D00D29A97 /* LandingPageViewController.swift */,
			);
			path = LandingPageView;
			sourceTree = "<group>";
		};
		B10AAD4A296967F100AB8475 /* IDCard */ = {
			isa = PBXGroup;
			children = (
				B10AAD46296967F000AB8475 /* IDCardContentView.swift */,
				B10AAD4E296967F100AB8475 /* IDCardCotentActionables.swift */,
				B10AAD57296967F200AB8475 /* IDCardView.swift */,
			);
			path = IDCard;
			sourceTree = "<group>";
		};
		B10AAD50296967F100AB8475 /* IDDetail */ = {
			isa = PBXGroup;
			children = (
				B10AAD54296967F100AB8475 /* IDDetailActionables.swift */,
				B10AAD4F296967F100AB8475 /* IDDetailView.swift */,
				B10AAD56296967F200AB8475 /* IDDetailViewController.swift */,
			);
			path = IDDetail;
			sourceTree = "<group>";
		};
		B10AAD5A296967F300AB8475 /* BenefitInfo */ = {
			isa = PBXGroup;
			children = (
				B10AAD48296967F000AB8475 /* BenefitInfoView.swift */,
				B10AAD47296967F000AB8475 /* BenefitInfoViewController.swift */,
				B10AAD49296967F000AB8475 /* BenefitCollectionViewCell.swift */,
			);
			path = BenefitInfo;
			sourceTree = "<group>";
		};
		B10AAD5E296967F300AB8475 /* IDNotAvailable */ = {
			isa = PBXGroup;
			children = (
				B10AAD58296967F200AB8475 /* IDIssueActionables.swift */,
				B10AAD59296967F200AB8475 /* IDNotAvailableView.swift */,
			);
			path = IDNotAvailable;
			sourceTree = "<group>";
		};
		B14D10712959C7980004946F = {
			isa = PBXGroup;
			children = (
				B1B21D16295DE0660083D9EE /* .swiftlint.yml */,
				B14D107C2959C7980004946F /* Keyneez */,
				B14D10932959C79A0004946F /* KeyneezTests */,
				B14D109D2959C79A0004946F /* KeyneezUITests */,
				B14D107B2959C7980004946F /* Products */,
				B18B60A72965522600AF14F5 /* Recovered References */,
			);
			sourceTree = "<group>";
		};
		B14D107B2959C7980004946F /* Products */ = {
			isa = PBXGroup;
			children = (
				B14D107A2959C7980004946F /* Keyneez.app */,
				B14D10902959C79A0004946F /* KeyneezTests.xctest */,
				B14D109A2959C79A0004946F /* KeyneezUITests.xctest */,
			);
			name = Products;
			sourceTree = "<group>";
		};
		B14D107C2959C7980004946F /* Keyneez */ = {
			isa = PBXGroup;
			children = (
				B14D10B82959CC280004946F /* Global */,
				B14D10B52959CBE70004946F /* Auth */,
				B14D10B42959CBDE0004946F /* Application */,
				B14D10B12959CB9D0004946F /* Tab */,
			);
			path = Keyneez;
			sourceTree = "<group>";
		};
		B14D10932959C79A0004946F /* KeyneezTests */ = {
			isa = PBXGroup;
			children = (
				B14D10942959C79A0004946F /* KeyneezTests.swift */,
			);
			path = KeyneezTests;
			sourceTree = "<group>";
		};
		B14D109D2959C79A0004946F /* KeyneezUITests */ = {
			isa = PBXGroup;
			children = (
				B14D109E2959C79A0004946F /* KeyneezUITests.swift */,
				B14D10A02959C79A0004946F /* KeyneezUITestsLaunchTests.swift */,
			);
			path = KeyneezUITests;
			sourceTree = "<group>";
		};
		B14D10AD2959C9B80004946F /* Home */ = {
			isa = PBXGroup;
			children = (
				B8C02F1829656E33005612CE /* Controllers */,
				B8C02F1729656E2D005612CE /* Views */,
				B8C02F1629656E27005612CE /* Models */,
			);
			path = Home;
			sourceTree = "<group>";
		};
		B14D10B02959CB970004946F /* Like */ = {
			isa = PBXGroup;
			children = (
				B8C02F0C2962F683005612CE /* LikeViewController.swift */,
			);
			path = Like;
			sourceTree = "<group>";
		};
		B14D10B12959CB9D0004946F /* Tab */ = {
			isa = PBXGroup;
			children = (
				B14D10AE2959CA080004946F /* KeyneezTabbarController.swift */,
				B8C02F012962F4AF005612CE /* KeyneezTabbar.swift */,
				B14D10B32959CBCE0004946F /* ID */,
				B14D10B22959CBC20004946F /* MyPage */,
				B14D10AD2959C9B80004946F /* Home */,
				B8C02F032962F5A0005612CE /* Setting */,
				B14D10B02959CB970004946F /* Like */,
			);
			path = Tab;
			sourceTree = "<group>";
		};
		B14D10B22959CBC20004946F /* MyPage */ = {
			isa = PBXGroup;
			children = (
				B8C02F082962F646005612CE /* MyPageViewController.swift */,
			);
			path = MyPage;
			sourceTree = "<group>";
		};
		B14D10B32959CBCE0004946F /* ID */ = {
			isa = PBXGroup;
			children = (
				B10AAD7A29696C7700AB8475 /* IDViewController.swift */,
				B10AAD55296967F100AB8475 /* IDContentActions.swift */,
				B10AAD5A296967F300AB8475 /* BenefitInfo */,
				B10AAD4A296967F100AB8475 /* IDCard */,
				B10AAD50296967F100AB8475 /* IDDetail */,
				B10AAD5E296967F300AB8475 /* IDNotAvailable */,
			);
			path = ID;
			sourceTree = "<group>";
		};
		B14D10B42959CBDE0004946F /* Application */ = {
			isa = PBXGroup;
			children = (
				B14D108B2959C79A0004946F /* Info.plist */,
				B14D107D2959C7980004946F /* AppDelegate.swift */,
				B14D107F2959C7980004946F /* SceneDelegate.swift */,
				B14D10862959C79A0004946F /* Assets.xcassets */,
				B14D10882959C79A0004946F /* LaunchScreen.storyboard */,
			);
			path = Application;
			sourceTree = "<group>";
		};
		B14D10B52959CBE70004946F /* Auth */ = {
			isa = PBXGroup;
			children = (
				B14D10B72959CBF30004946F /* SignUp */,
				B14D10B62959CBEE0004946F /* SignIn */,
			);
			name = Auth;
			path = Global/Auth;
			sourceTree = "<group>";
		};
		B14D10B62959CBEE0004946F /* SignIn */ = {
			isa = PBXGroup;
			children = (
			);
			path = SignIn;
			sourceTree = "<group>";
		};
		B14D10B72959CBF30004946F /* SignUp */ = {
			isa = PBXGroup;
			children = (
			);
			path = SignUp;
			sourceTree = "<group>";
		};
		B14D10B82959CC280004946F /* Global */ = {
			isa = PBXGroup;
			children = (
				022F68B62962D33B00F32CE1 /* Protocol */,
				B14D10C92959D3AB0004946F /* Color */,
				B14D10C82959D3A30004946F /* Font */,
				B14D10BA2959CC950004946F /* Views */,
				B14D10B92959CC340004946F /* NetworkLayer */,
			);
			path = Global;
			sourceTree = "<group>";
		};
		B14D10B92959CC340004946F /* NetworkLayer */ = {
			isa = PBXGroup;
			children = (
			);
			path = NetworkLayer;
			sourceTree = "<group>";
		};
		B14D10BA2959CC950004946F /* Views */ = {
			isa = PBXGroup;
			children = (
				B10AAD3B296967C700AB8475 /* BottomSheetViewController.swift */,
				B10AAD3A296967C700AB8475 /* ReusableView.swift */,
				B10AAD38296967C600AB8475 /* SeparatedButton.swift */,
				B10AAD39296967C700AB8475 /* UIView+Extension.swift */,
				02F262AD2965ABEE005A1CE4 /* LoadingView.swift */,
				02F262B32965FE75005A1CE4 /* LandingPageView */,
				B18B60CA296552DA00AF14F5 /* NavigationBarProtocol.swift */,
				B18B60CB296552DA00AF14F5 /* NavigationView */,
				B18B60C6296552DA00AF14F5 /* Nibless */,
				B18B60C3296552DA00AF14F5 /* TextField */,
				B18B60C9296552DA00AF14F5 /* UIButton+Extension.swift */,
				023B559329655CD200FB2462 /* CGFloat+Extension.swift */,
				B8C02F2F296B185B005612CE /* UISegmentedControl+Extension.swift */,
			);
			path = Views;
			sourceTree = "<group>";
		};
		B14D10C82959D3A30004946F /* Font */ = {
			isa = PBXGroup;
			children = (
				0269E2222961D79200309E8A /* File */,
				0269E2292961DC3700309E8A /* UIFont+Extension.swift */,
			);
			path = Font;
			sourceTree = "<group>";
		};
		B14D10C92959D3AB0004946F /* Color */ = {
			isa = PBXGroup;
			children = (
				02C066A32961C98600AED030 /* UIColor+Extension.swift */,
			);
			path = Color;
			sourceTree = "<group>";
		};
		B18B60A72965522600AF14F5 /* Recovered References */ = {
			isa = PBXGroup;
			children = (
				022F68B42962D10500F32CE1 /* UITextField+Extension.swift */,
				B184089329632CBD005E4802 /* KeyneezTextFieldFactory.swift */,
			);
			name = "Recovered References";
			sourceTree = "<group>";
		};
		B18B60C3296552DA00AF14F5 /* TextField */ = {
			isa = PBXGroup;
			children = (
				B18B60C4296552DA00AF14F5 /* KeyneezTextFieldFactory.swift */,
				B18B60C5296552DA00AF14F5 /* UITextField+Extension.swift */,
			);
			path = TextField;
			sourceTree = "<group>";
		};
		B18B60C6296552DA00AF14F5 /* Nibless */ = {
			isa = PBXGroup;
			children = (
				B18B60C7296552DA00AF14F5 /* NiblessView.swift */,
				B18B60C8296552DA00AF14F5 /* NiblessViewController.swift */,
			);
			path = Nibless;
			sourceTree = "<group>";
		};
		B18B60CB296552DA00AF14F5 /* NavigationView */ = {
			isa = PBXGroup;
			children = (
				B10AAD40296967D000AB8475 /* CustomNavigationAnimator.swift */,
				B10AAD41296967D000AB8475 /* CustomNavigationManager.swift */,
				B10AAD42296967D000AB8475 /* CustomNavigationPresentationController.swift */,
				B18B60CC296552DA00AF14F5 /* NavigationBar.swift */,
				B18B60CD296552DA00AF14F5 /* NavigationViewItem.swift */,
				B18B60CE296552DA00AF14F5 /* NavigationViewBuilder.swift */,
			);
			path = NavigationView;
			sourceTree = "<group>";
		};
		B8C02F032962F5A0005612CE /* Setting */ = {
			isa = PBXGroup;
			children = (
				B8C02F042962F5D4005612CE /* SettingViewController.swift */,
			);
			path = Setting;
			sourceTree = "<group>";
		};
		B8C02F1629656E27005612CE /* Models */ = {
			isa = PBXGroup;
			children = (
				B8C02F2329681E62005612CE /* HomeContentModel.swift */,
			);
			path = Models;
			sourceTree = "<group>";
		};
		B8C02F1729656E2D005612CE /* Views */ = {
			isa = PBXGroup;
			children = (
				B8C02F2729682E41005612CE /* HomeContentCollectionViewCell.swift */,
			);
			path = Views;
			sourceTree = "<group>";
		};
		B8C02F1829656E33005612CE /* Controllers */ = {
			isa = PBXGroup;
			children = (
				B8C02F0A2962F65E005612CE /* HomeViewController.swift */,
				B8C02F2929694C82005612CE /* HomeRecommendViewController.swift */,
				B8C02F2B29696537005612CE /* HomePopularViewController.swift */,
				B8C02F2D29696DFD005612CE /* HomeNewestViewController.swift */,
			);
			path = Controllers;
			sourceTree = "<group>";
		};
/* End PBXGroup section */

/* Begin PBXNativeTarget section */
		B14D10792959C7980004946F /* Keyneez */ = {
			isa = PBXNativeTarget;
			buildConfigurationList = B14D10A42959C79A0004946F /* Build configuration list for PBXNativeTarget "Keyneez" */;
			buildPhases = (
				B1B21D15295DDE170083D9EE /* SwiftLint Script */,
				B14D10762959C7980004946F /* Sources */,
				B14D10772959C7980004946F /* Frameworks */,
				B14D10782959C7980004946F /* Resources */,
			);
			buildRules = (
			);
			dependencies = (
			);
			name = Keyneez;
			packageProductDependencies = (
				B14D10BD2959D26C0004946F /* Then */,
				B14D10C02959D2BC0004946F /* Moya */,
				B14D10C32959D3070004946F /* Kingfisher */,
				B14D10C62959D3720004946F /* SnapKit */,
				B1B21D0D295C985C0083D9EE /* Toast */,
				B1B21D10295C99280083D9EE /* FloatingPanel */,
				B1B21D13295C9C4B0083D9EE /* Floaty */,
				B10AACFA29673D4100AB8475 /* BottomSheet */,
			);
			productName = Keyneez;
			productReference = B14D107A2959C7980004946F /* Keyneez.app */;
			productType = "com.apple.product-type.application";
		};
		B14D108F2959C79A0004946F /* KeyneezTests */ = {
			isa = PBXNativeTarget;
			buildConfigurationList = B14D10A72959C79A0004946F /* Build configuration list for PBXNativeTarget "KeyneezTests" */;
			buildPhases = (
				B14D108C2959C79A0004946F /* Sources */,
				B14D108D2959C79A0004946F /* Frameworks */,
				B14D108E2959C79A0004946F /* Resources */,
			);
			buildRules = (
			);
			dependencies = (
				B14D10922959C79A0004946F /* PBXTargetDependency */,
			);
			name = KeyneezTests;
			productName = KeyneezTests;
			productReference = B14D10902959C79A0004946F /* KeyneezTests.xctest */;
			productType = "com.apple.product-type.bundle.unit-test";
		};
		B14D10992959C79A0004946F /* KeyneezUITests */ = {
			isa = PBXNativeTarget;
			buildConfigurationList = B14D10AA2959C79A0004946F /* Build configuration list for PBXNativeTarget "KeyneezUITests" */;
			buildPhases = (
				B14D10962959C79A0004946F /* Sources */,
				B14D10972959C79A0004946F /* Frameworks */,
				B14D10982959C79A0004946F /* Resources */,
			);
			buildRules = (
			);
			dependencies = (
				B14D109C2959C79A0004946F /* PBXTargetDependency */,
			);
			name = KeyneezUITests;
			productName = KeyneezUITests;
			productReference = B14D109A2959C79A0004946F /* KeyneezUITests.xctest */;
			productType = "com.apple.product-type.bundle.ui-testing";
		};
/* End PBXNativeTarget section */

/* Begin PBXProject section */
		B14D10722959C7980004946F /* Project object */ = {
			isa = PBXProject;
			attributes = {
				BuildIndependentTargetsInParallel = 1;
				LastSwiftUpdateCheck = 1410;
				LastUpgradeCheck = 1410;
				TargetAttributes = {
					B14D10792959C7980004946F = {
						CreatedOnToolsVersion = 14.1;
					};
					B14D108F2959C79A0004946F = {
						CreatedOnToolsVersion = 14.1;
						TestTargetID = B14D10792959C7980004946F;
					};
					B14D10992959C79A0004946F = {
						CreatedOnToolsVersion = 14.1;
						TestTargetID = B14D10792959C7980004946F;
					};
				};
			};
			buildConfigurationList = B14D10752959C7980004946F /* Build configuration list for PBXProject "Keyneez" */;
			compatibilityVersion = "Xcode 14.0";
			developmentRegion = en;
			hasScannedForEncodings = 0;
			knownRegions = (
				en,
				Base,
			);
			mainGroup = B14D10712959C7980004946F;
			packageReferences = (
				B14D10BC2959D26C0004946F /* XCRemoteSwiftPackageReference "Then" */,
				B14D10BF2959D2BC0004946F /* XCRemoteSwiftPackageReference "Moya" */,
				B14D10C22959D3070004946F /* XCRemoteSwiftPackageReference "Kingfisher" */,
				B14D10C52959D3710004946F /* XCRemoteSwiftPackageReference "SnapKit" */,
				B1B21D0C295C985C0083D9EE /* XCRemoteSwiftPackageReference "Toast-Swift" */,
				B1B21D0F295C99270083D9EE /* XCRemoteSwiftPackageReference "FloatingPanel" */,
				B1B21D12295C9C4B0083D9EE /* XCRemoteSwiftPackageReference "Floaty" */,
				B10AACF929673D4100AB8475 /* XCRemoteSwiftPackageReference "BottomSheet" */,
			);
			productRefGroup = B14D107B2959C7980004946F /* Products */;
			projectDirPath = "";
			projectRoot = "";
			targets = (
				B14D10792959C7980004946F /* Keyneez */,
				B14D108F2959C79A0004946F /* KeyneezTests */,
				B14D10992959C79A0004946F /* KeyneezUITests */,
			);
		};
/* End PBXProject section */

/* Begin PBXResourcesBuildPhase section */
		B14D10782959C7980004946F /* Resources */ = {
			isa = PBXResourcesBuildPhase;
			buildActionMask = 2147483647;
			files = (
				B1B21D17295DE0660083D9EE /* .swiftlint.yml in Resources */,
				0269E2262961DAC900309E8A /* Pretendard-Medium.otf in Resources */,
				0269E2242961DAB800309E8A /* Pretendard-Bold.otf in Resources */,
				0269E2282961DAD400309E8A /* Pretendard-SemiBold.otf in Resources */,
				B14D108A2959C79A0004946F /* LaunchScreen.storyboard in Resources */,
				B14D10872959C79A0004946F /* Assets.xcassets in Resources */,
			);
			runOnlyForDeploymentPostprocessing = 0;
		};
		B14D108E2959C79A0004946F /* Resources */ = {
			isa = PBXResourcesBuildPhase;
			buildActionMask = 2147483647;
			files = (
			);
			runOnlyForDeploymentPostprocessing = 0;
		};
		B14D10982959C79A0004946F /* Resources */ = {
			isa = PBXResourcesBuildPhase;
			buildActionMask = 2147483647;
			files = (
			);
			runOnlyForDeploymentPostprocessing = 0;
		};
/* End PBXResourcesBuildPhase section */

/* Begin PBXShellScriptBuildPhase section */
		B1B21D15295DDE170083D9EE /* SwiftLint Script */ = {
			isa = PBXShellScriptBuildPhase;
			alwaysOutOfDate = 1;
			buildActionMask = 2147483647;
			files = (
			);
			inputFileListPaths = (
			);
			inputPaths = (
			);
			name = "SwiftLint Script";
			outputFileListPaths = (
			);
			outputPaths = (
			);
			runOnlyForDeploymentPostprocessing = 0;
			shellPath = /bin/sh;
			shellScript = "export PATH=\"$PATH:/opt/homebrew/bin\"\nif which swiftlint >/dev/null; then\n  swiftlint\nelse\n  echo \"warning: SwiftLint not installed, download from https://github.com/realm/SwiftLint\"\nfi\n";
		};
/* End PBXShellScriptBuildPhase section */

/* Begin PBXSourcesBuildPhase section */
		B14D10762959C7980004946F /* Sources */ = {
			isa = PBXSourcesBuildPhase;
			buildActionMask = 2147483647;
			files = (
				B10AAD7B29696C7700AB8475 /* IDViewController.swift in Sources */,
				B10AAD3E296967C700AB8475 /* ReusableView.swift in Sources */,
				B8C02F052962F5D4005612CE /* SettingViewController.swift in Sources */,
				B8C02F2C29696537005612CE /* HomePopularViewController.swift in Sources */,
				B18B60D2296552DA00AF14F5 /* NiblessViewController.swift in Sources */,
				B10AAD64296967F300AB8475 /* BenefitCollectionViewCell.swift in Sources */,
				0269E22A2961DC3700309E8A /* UIFont+Extension.swift in Sources */,
				B10AAD8329696FCD00AB8475 /* IDDetailView.swift in Sources */,
				B10AAD8229696FCA00AB8475 /* IDDetailViewController.swift in Sources */,
				B18B60D3296552DA00AF14F5 /* UIButton+Extension.swift in Sources */,
				023B559429655CD200FB2462 /* CGFloat+Extension.swift in Sources */,
				B14D107E2959C7980004946F /* AppDelegate.swift in Sources */,
				B18B60D6296552DA00AF14F5 /* NavigationViewItem.swift in Sources */,
				B8C02F2A29694C82005612CE /* HomeRecommendViewController.swift in Sources */,
				B18B60D0296552DA00AF14F5 /* UITextField+Extension.swift in Sources */,
				B18B60CF296552DA00AF14F5 /* KeyneezTextFieldFactory.swift in Sources */,
				B10AAD71296967F300AB8475 /* IDIssueActionables.swift in Sources */,
				B8C02F0D2962F683005612CE /* LikeViewController.swift in Sources */,
				B8C02F092962F646005612CE /* MyPageViewController.swift in Sources */,
				B8C02F2429681E62005612CE /* HomeContentModel.swift in Sources */,
				B8C02F30296B185B005612CE /* UISegmentedControl+Extension.swift in Sources */,
				B10AAD44296967D000AB8475 /* CustomNavigationManager.swift in Sources */,
				B18B60D5296552DA00AF14F5 /* NavigationBar.swift in Sources */,
				B10AAD45296967D000AB8475 /* CustomNavigationPresentationController.swift in Sources */,
				B10AAD61296967F300AB8475 /* IDCardContentView.swift in Sources */,
				B8C02F0B2962F65E005612CE /* HomeViewController.swift in Sources */,
				B8C02F022962F4AF005612CE /* KeyneezTabbar.swift in Sources */,
				B10AAD3F296967C700AB8475 /* BottomSheetViewController.swift in Sources */,
				B10AAD3D296967C700AB8475 /* UIView+Extension.swift in Sources */,
				B14D10802959C7980004946F /* SceneDelegate.swift in Sources */,
				B8C02F2E29696DFD005612CE /* HomeNewestViewController.swift in Sources */,
				B10AAD6E296967F300AB8475 /* IDContentActions.swift in Sources */,
				B10AAD68296967F300AB8475 /* IDCardCotentActionables.swift in Sources */,
				0253816729674D3D00D29A97 /* LandingPageViewController.swift in Sources */,
				B10AAD43296967D000AB8475 /* CustomNavigationAnimator.swift in Sources */,
				B18B60D7296552DA00AF14F5 /* NavigationViewBuilder.swift in Sources */,
				B8C02F2829682E41005612CE /* HomeContentCollectionViewCell.swift in Sources */,
				B14D10AF2959CA080004946F /* KeyneezTabbarController.swift in Sources */,
				B10AAD62296967F300AB8475 /* BenefitInfoViewController.swift in Sources */,
				B18B60D1296552DA00AF14F5 /* NiblessView.swift in Sources */,
				B18B60D4296552DA00AF14F5 /* NavigationBarProtocol.swift in Sources */,
				02C066A42961C98600AED030 /* UIColor+Extension.swift in Sources */,
				B10AAD842969706700AB8475 /* IDNotAvailableView.swift in Sources */,
				B10AAD63296967F300AB8475 /* BenefitInfoView.swift in Sources */,
				B10AAD3C296967C700AB8475 /* SeparatedButton.swift in Sources */,
				B10AAD6D296967F300AB8475 /* IDDetailActionables.swift in Sources */,
				022F68B82962D3A200F32CE1 /* Buildable.swift in Sources */,
				02F262AE2965ABEE005A1CE4 /* LoadingView.swift in Sources */,
				B10AAD70296967F300AB8475 /* IDCardView.swift in Sources */,
			);
			runOnlyForDeploymentPostprocessing = 0;
		};
		B14D108C2959C79A0004946F /* Sources */ = {
			isa = PBXSourcesBuildPhase;
			buildActionMask = 2147483647;
			files = (
				B14D10952959C79A0004946F /* KeyneezTests.swift in Sources */,
			);
			runOnlyForDeploymentPostprocessing = 0;
		};
		B14D10962959C79A0004946F /* Sources */ = {
			isa = PBXSourcesBuildPhase;
			buildActionMask = 2147483647;
			files = (
				B14D10A12959C79A0004946F /* KeyneezUITestsLaunchTests.swift in Sources */,
				B14D109F2959C79A0004946F /* KeyneezUITests.swift in Sources */,
			);
			runOnlyForDeploymentPostprocessing = 0;
		};
/* End PBXSourcesBuildPhase section */

/* Begin PBXTargetDependency section */
		B14D10922959C79A0004946F /* PBXTargetDependency */ = {
			isa = PBXTargetDependency;
			target = B14D10792959C7980004946F /* Keyneez */;
			targetProxy = B14D10912959C79A0004946F /* PBXContainerItemProxy */;
		};
		B14D109C2959C79A0004946F /* PBXTargetDependency */ = {
			isa = PBXTargetDependency;
			target = B14D10792959C7980004946F /* Keyneez */;
			targetProxy = B14D109B2959C79A0004946F /* PBXContainerItemProxy */;
		};
/* End PBXTargetDependency section */

/* Begin PBXVariantGroup section */
		B14D10882959C79A0004946F /* LaunchScreen.storyboard */ = {
			isa = PBXVariantGroup;
			children = (
				B14D10892959C79A0004946F /* Base */,
			);
			name = LaunchScreen.storyboard;
			sourceTree = "<group>";
		};
/* End PBXVariantGroup section */

/* Begin XCBuildConfiguration section */
		B14D10A22959C79A0004946F /* Debug */ = {
			isa = XCBuildConfiguration;
			buildSettings = {
				ALWAYS_SEARCH_USER_PATHS = NO;
				CLANG_ANALYZER_NONNULL = YES;
				CLANG_ANALYZER_NUMBER_OBJECT_CONVERSION = YES_AGGRESSIVE;
				CLANG_CXX_LANGUAGE_STANDARD = "gnu++20";
				CLANG_ENABLE_MODULES = YES;
				CLANG_ENABLE_OBJC_ARC = YES;
				CLANG_ENABLE_OBJC_WEAK = YES;
				CLANG_WARN_BLOCK_CAPTURE_AUTORELEASING = YES;
				CLANG_WARN_BOOL_CONVERSION = YES;
				CLANG_WARN_COMMA = YES;
				CLANG_WARN_CONSTANT_CONVERSION = YES;
				CLANG_WARN_DEPRECATED_OBJC_IMPLEMENTATIONS = YES;
				CLANG_WARN_DIRECT_OBJC_ISA_USAGE = YES_ERROR;
				CLANG_WARN_DOCUMENTATION_COMMENTS = YES;
				CLANG_WARN_EMPTY_BODY = YES;
				CLANG_WARN_ENUM_CONVERSION = YES;
				CLANG_WARN_INFINITE_RECURSION = YES;
				CLANG_WARN_INT_CONVERSION = YES;
				CLANG_WARN_NON_LITERAL_NULL_CONVERSION = YES;
				CLANG_WARN_OBJC_IMPLICIT_RETAIN_SELF = YES;
				CLANG_WARN_OBJC_LITERAL_CONVERSION = YES;
				CLANG_WARN_OBJC_ROOT_CLASS = YES_ERROR;
				CLANG_WARN_QUOTED_INCLUDE_IN_FRAMEWORK_HEADER = YES;
				CLANG_WARN_RANGE_LOOP_ANALYSIS = YES;
				CLANG_WARN_STRICT_PROTOTYPES = YES;
				CLANG_WARN_SUSPICIOUS_MOVE = YES;
				CLANG_WARN_UNGUARDED_AVAILABILITY = YES_AGGRESSIVE;
				CLANG_WARN_UNREACHABLE_CODE = YES;
				CLANG_WARN__DUPLICATE_METHOD_MATCH = YES;
				COPY_PHASE_STRIP = NO;
				DEBUG_INFORMATION_FORMAT = dwarf;
				ENABLE_STRICT_OBJC_MSGSEND = YES;
				ENABLE_TESTABILITY = YES;
				GCC_C_LANGUAGE_STANDARD = gnu11;
				GCC_DYNAMIC_NO_PIC = NO;
				GCC_NO_COMMON_BLOCKS = YES;
				GCC_OPTIMIZATION_LEVEL = 0;
				GCC_PREPROCESSOR_DEFINITIONS = (
					"DEBUG=1",
					"$(inherited)",
				);
				GCC_WARN_64_TO_32_BIT_CONVERSION = YES;
				GCC_WARN_ABOUT_RETURN_TYPE = YES_ERROR;
				GCC_WARN_UNDECLARED_SELECTOR = YES;
				GCC_WARN_UNINITIALIZED_AUTOS = YES_AGGRESSIVE;
				GCC_WARN_UNUSED_FUNCTION = YES;
				GCC_WARN_UNUSED_VARIABLE = YES;
				IPHONEOS_DEPLOYMENT_TARGET = 16.1;
				MTL_ENABLE_DEBUG_INFO = INCLUDE_SOURCE;
				MTL_FAST_MATH = YES;
				ONLY_ACTIVE_ARCH = YES;
				SDKROOT = iphoneos;
				SWIFT_ACTIVE_COMPILATION_CONDITIONS = DEBUG;
				SWIFT_OPTIMIZATION_LEVEL = "-Onone";
			};
			name = Debug;
		};
		B14D10A32959C79A0004946F /* Release */ = {
			isa = XCBuildConfiguration;
			buildSettings = {
				ALWAYS_SEARCH_USER_PATHS = NO;
				CLANG_ANALYZER_NONNULL = YES;
				CLANG_ANALYZER_NUMBER_OBJECT_CONVERSION = YES_AGGRESSIVE;
				CLANG_CXX_LANGUAGE_STANDARD = "gnu++20";
				CLANG_ENABLE_MODULES = YES;
				CLANG_ENABLE_OBJC_ARC = YES;
				CLANG_ENABLE_OBJC_WEAK = YES;
				CLANG_WARN_BLOCK_CAPTURE_AUTORELEASING = YES;
				CLANG_WARN_BOOL_CONVERSION = YES;
				CLANG_WARN_COMMA = YES;
				CLANG_WARN_CONSTANT_CONVERSION = YES;
				CLANG_WARN_DEPRECATED_OBJC_IMPLEMENTATIONS = YES;
				CLANG_WARN_DIRECT_OBJC_ISA_USAGE = YES_ERROR;
				CLANG_WARN_DOCUMENTATION_COMMENTS = YES;
				CLANG_WARN_EMPTY_BODY = YES;
				CLANG_WARN_ENUM_CONVERSION = YES;
				CLANG_WARN_INFINITE_RECURSION = YES;
				CLANG_WARN_INT_CONVERSION = YES;
				CLANG_WARN_NON_LITERAL_NULL_CONVERSION = YES;
				CLANG_WARN_OBJC_IMPLICIT_RETAIN_SELF = YES;
				CLANG_WARN_OBJC_LITERAL_CONVERSION = YES;
				CLANG_WARN_OBJC_ROOT_CLASS = YES_ERROR;
				CLANG_WARN_QUOTED_INCLUDE_IN_FRAMEWORK_HEADER = YES;
				CLANG_WARN_RANGE_LOOP_ANALYSIS = YES;
				CLANG_WARN_STRICT_PROTOTYPES = YES;
				CLANG_WARN_SUSPICIOUS_MOVE = YES;
				CLANG_WARN_UNGUARDED_AVAILABILITY = YES_AGGRESSIVE;
				CLANG_WARN_UNREACHABLE_CODE = YES;
				CLANG_WARN__DUPLICATE_METHOD_MATCH = YES;
				COPY_PHASE_STRIP = NO;
				DEBUG_INFORMATION_FORMAT = "dwarf-with-dsym";
				ENABLE_NS_ASSERTIONS = NO;
				ENABLE_STRICT_OBJC_MSGSEND = YES;
				GCC_C_LANGUAGE_STANDARD = gnu11;
				GCC_NO_COMMON_BLOCKS = YES;
				GCC_WARN_64_TO_32_BIT_CONVERSION = YES;
				GCC_WARN_ABOUT_RETURN_TYPE = YES_ERROR;
				GCC_WARN_UNDECLARED_SELECTOR = YES;
				GCC_WARN_UNINITIALIZED_AUTOS = YES_AGGRESSIVE;
				GCC_WARN_UNUSED_FUNCTION = YES;
				GCC_WARN_UNUSED_VARIABLE = YES;
				IPHONEOS_DEPLOYMENT_TARGET = 16.1;
				MTL_ENABLE_DEBUG_INFO = NO;
				MTL_FAST_MATH = YES;
				SDKROOT = iphoneos;
				SWIFT_COMPILATION_MODE = wholemodule;
				SWIFT_OPTIMIZATION_LEVEL = "-O";
				VALIDATE_PRODUCT = YES;
			};
			name = Release;
		};
		B14D10A52959C79A0004946F /* Debug */ = {
			isa = XCBuildConfiguration;
			buildSettings = {
				ASSETCATALOG_COMPILER_APPICON_NAME = AppIcon;
				ASSETCATALOG_COMPILER_GLOBAL_ACCENT_COLOR_NAME = AccentColor;
				CODE_SIGN_STYLE = Automatic;
				CURRENT_PROJECT_VERSION = 1;
				DEVELOPMENT_TEAM = 693WY75AQY;
				GENERATE_INFOPLIST_FILE = YES;
				INFOPLIST_FILE = Keyneez/Application/Info.plist;
				INFOPLIST_KEY_UIApplicationSupportsIndirectInputEvents = YES;
				INFOPLIST_KEY_UILaunchStoryboardName = LaunchScreen;
				INFOPLIST_KEY_UIStatusBarStyle = "";
				INFOPLIST_KEY_UISupportedInterfaceOrientations = UIInterfaceOrientationPortrait;
				INFOPLIST_KEY_UISupportedInterfaceOrientations_iPad = "UIInterfaceOrientationPortrait UIInterfaceOrientationPortraitUpsideDown";
				IPHONEOS_DEPLOYMENT_TARGET = 14.0;
				LD_RUNPATH_SEARCH_PATHS = (
					"$(inherited)",
					"@executable_path/Frameworks",
				);
				MARKETING_VERSION = 1.0;
				PRODUCT_BUNDLE_IDENTIFIER = com.baconbeacon.Keyneez;
				PRODUCT_NAME = "$(TARGET_NAME)";
				SUPPORTED_PLATFORMS = "iphoneos iphonesimulator";
				SUPPORTS_MACCATALYST = NO;
				SUPPORTS_MAC_DESIGNED_FOR_IPHONE_IPAD = NO;
				SWIFT_EMIT_LOC_STRINGS = YES;
				SWIFT_VERSION = 5.0;
				TARGETED_DEVICE_FAMILY = "1,2";
			};
			name = Debug;
		};
		B14D10A62959C79A0004946F /* Release */ = {
			isa = XCBuildConfiguration;
			buildSettings = {
				ASSETCATALOG_COMPILER_APPICON_NAME = AppIcon;
				ASSETCATALOG_COMPILER_GLOBAL_ACCENT_COLOR_NAME = AccentColor;
				CODE_SIGN_STYLE = Automatic;
				CURRENT_PROJECT_VERSION = 1;
				DEVELOPMENT_TEAM = 693WY75AQY;
				GENERATE_INFOPLIST_FILE = YES;
				INFOPLIST_FILE = Keyneez/Application/Info.plist;
				INFOPLIST_KEY_UIApplicationSupportsIndirectInputEvents = YES;
				INFOPLIST_KEY_UILaunchStoryboardName = LaunchScreen;
				INFOPLIST_KEY_UIStatusBarStyle = "";
				INFOPLIST_KEY_UISupportedInterfaceOrientations = UIInterfaceOrientationPortrait;
				INFOPLIST_KEY_UISupportedInterfaceOrientations_iPad = "UIInterfaceOrientationPortrait UIInterfaceOrientationPortraitUpsideDown";
				IPHONEOS_DEPLOYMENT_TARGET = 14.0;
				LD_RUNPATH_SEARCH_PATHS = (
					"$(inherited)",
					"@executable_path/Frameworks",
				);
				MARKETING_VERSION = 1.0;
				PRODUCT_BUNDLE_IDENTIFIER = com.baconbeacon.Keyneez;
				PRODUCT_NAME = "$(TARGET_NAME)";
				SUPPORTED_PLATFORMS = "iphoneos iphonesimulator";
				SUPPORTS_MACCATALYST = NO;
				SUPPORTS_MAC_DESIGNED_FOR_IPHONE_IPAD = NO;
				SWIFT_EMIT_LOC_STRINGS = YES;
				SWIFT_VERSION = 5.0;
				TARGETED_DEVICE_FAMILY = "1,2";
			};
			name = Release;
		};
		B14D10A82959C79A0004946F /* Debug */ = {
			isa = XCBuildConfiguration;
			buildSettings = {
				ALWAYS_EMBED_SWIFT_STANDARD_LIBRARIES = YES;
				BUNDLE_LOADER = "$(TEST_HOST)";
				CODE_SIGN_STYLE = Automatic;
				CURRENT_PROJECT_VERSION = 1;
				DEVELOPMENT_TEAM = 693WY75AQY;
				GENERATE_INFOPLIST_FILE = YES;
				IPHONEOS_DEPLOYMENT_TARGET = 16.1;
				MARKETING_VERSION = 1.0;
				PRODUCT_BUNDLE_IDENTIFIER = com.baconbeacon.KeyneezTests;
				PRODUCT_NAME = "$(TARGET_NAME)";
				SWIFT_EMIT_LOC_STRINGS = NO;
				SWIFT_VERSION = 5.0;
				TARGETED_DEVICE_FAMILY = "1,2";
				TEST_HOST = "$(BUILT_PRODUCTS_DIR)/Keyneez.app/$(BUNDLE_EXECUTABLE_FOLDER_PATH)/Keyneez";
			};
			name = Debug;
		};
		B14D10A92959C79A0004946F /* Release */ = {
			isa = XCBuildConfiguration;
			buildSettings = {
				ALWAYS_EMBED_SWIFT_STANDARD_LIBRARIES = YES;
				BUNDLE_LOADER = "$(TEST_HOST)";
				CODE_SIGN_STYLE = Automatic;
				CURRENT_PROJECT_VERSION = 1;
				DEVELOPMENT_TEAM = 693WY75AQY;
				GENERATE_INFOPLIST_FILE = YES;
				IPHONEOS_DEPLOYMENT_TARGET = 16.1;
				MARKETING_VERSION = 1.0;
				PRODUCT_BUNDLE_IDENTIFIER = com.baconbeacon.KeyneezTests;
				PRODUCT_NAME = "$(TARGET_NAME)";
				SWIFT_EMIT_LOC_STRINGS = NO;
				SWIFT_VERSION = 5.0;
				TARGETED_DEVICE_FAMILY = "1,2";
				TEST_HOST = "$(BUILT_PRODUCTS_DIR)/Keyneez.app/$(BUNDLE_EXECUTABLE_FOLDER_PATH)/Keyneez";
			};
			name = Release;
		};
		B14D10AB2959C79A0004946F /* Debug */ = {
			isa = XCBuildConfiguration;
			buildSettings = {
				ALWAYS_EMBED_SWIFT_STANDARD_LIBRARIES = YES;
				CODE_SIGN_STYLE = Automatic;
				CURRENT_PROJECT_VERSION = 1;
				DEVELOPMENT_TEAM = 693WY75AQY;
				GENERATE_INFOPLIST_FILE = YES;
				MARKETING_VERSION = 1.0;
				PRODUCT_BUNDLE_IDENTIFIER = com.baconbeacon.KeyneezUITests;
				PRODUCT_NAME = "$(TARGET_NAME)";
				SWIFT_EMIT_LOC_STRINGS = NO;
				SWIFT_VERSION = 5.0;
				TARGETED_DEVICE_FAMILY = "1,2";
				TEST_TARGET_NAME = Keyneez;
			};
			name = Debug;
		};
		B14D10AC2959C79A0004946F /* Release */ = {
			isa = XCBuildConfiguration;
			buildSettings = {
				ALWAYS_EMBED_SWIFT_STANDARD_LIBRARIES = YES;
				CODE_SIGN_STYLE = Automatic;
				CURRENT_PROJECT_VERSION = 1;
				DEVELOPMENT_TEAM = 693WY75AQY;
				GENERATE_INFOPLIST_FILE = YES;
				MARKETING_VERSION = 1.0;
				PRODUCT_BUNDLE_IDENTIFIER = com.baconbeacon.KeyneezUITests;
				PRODUCT_NAME = "$(TARGET_NAME)";
				SWIFT_EMIT_LOC_STRINGS = NO;
				SWIFT_VERSION = 5.0;
				TARGETED_DEVICE_FAMILY = "1,2";
				TEST_TARGET_NAME = Keyneez;
			};
			name = Release;
		};
/* End XCBuildConfiguration section */

/* Begin XCConfigurationList section */
		B14D10752959C7980004946F /* Build configuration list for PBXProject "Keyneez" */ = {
			isa = XCConfigurationList;
			buildConfigurations = (
				B14D10A22959C79A0004946F /* Debug */,
				B14D10A32959C79A0004946F /* Release */,
			);
			defaultConfigurationIsVisible = 0;
			defaultConfigurationName = Release;
		};
		B14D10A42959C79A0004946F /* Build configuration list for PBXNativeTarget "Keyneez" */ = {
			isa = XCConfigurationList;
			buildConfigurations = (
				B14D10A52959C79A0004946F /* Debug */,
				B14D10A62959C79A0004946F /* Release */,
			);
			defaultConfigurationIsVisible = 0;
			defaultConfigurationName = Release;
		};
		B14D10A72959C79A0004946F /* Build configuration list for PBXNativeTarget "KeyneezTests" */ = {
			isa = XCConfigurationList;
			buildConfigurations = (
				B14D10A82959C79A0004946F /* Debug */,
				B14D10A92959C79A0004946F /* Release */,
			);
			defaultConfigurationIsVisible = 0;
			defaultConfigurationName = Release;
		};
		B14D10AA2959C79A0004946F /* Build configuration list for PBXNativeTarget "KeyneezUITests" */ = {
			isa = XCConfigurationList;
			buildConfigurations = (
				B14D10AB2959C79A0004946F /* Debug */,
				B14D10AC2959C79A0004946F /* Release */,
			);
			defaultConfigurationIsVisible = 0;
			defaultConfigurationName = Release;
		};
/* End XCConfigurationList section */

/* Begin XCRemoteSwiftPackageReference section */
		B10AACF929673D4100AB8475 /* XCRemoteSwiftPackageReference "BottomSheet" */ = {
			isa = XCRemoteSwiftPackageReference;
			repositoryURL = "https://github.com/joomcode/BottomSheet.git";
			requirement = {
				kind = upToNextMajorVersion;
				minimumVersion = 2.0.0;
			};
		};
		B14D10BC2959D26C0004946F /* XCRemoteSwiftPackageReference "Then" */ = {
			isa = XCRemoteSwiftPackageReference;
			repositoryURL = "https://github.com/devxoul/Then";
			requirement = {
				kind = upToNextMajorVersion;
				minimumVersion = 2.0.0;
			};
		};
		B14D10BF2959D2BC0004946F /* XCRemoteSwiftPackageReference "Moya" */ = {
			isa = XCRemoteSwiftPackageReference;
			repositoryURL = "https://github.com/Moya/Moya.git";
			requirement = {
				kind = upToNextMajorVersion;
				minimumVersion = 15.0.0;
			};
		};
		B14D10C22959D3070004946F /* XCRemoteSwiftPackageReference "Kingfisher" */ = {
			isa = XCRemoteSwiftPackageReference;
			repositoryURL = "https://github.com/onevcat/Kingfisher.git";
			requirement = {
				kind = upToNextMajorVersion;
				minimumVersion = 7.0.0;
			};
		};
		B14D10C52959D3710004946F /* XCRemoteSwiftPackageReference "SnapKit" */ = {
			isa = XCRemoteSwiftPackageReference;
			repositoryURL = "https://github.com/SnapKit/SnapKit";
			requirement = {
				kind = upToNextMajorVersion;
				minimumVersion = 5.0.0;
			};
		};
		B1B21D0C295C985C0083D9EE /* XCRemoteSwiftPackageReference "Toast-Swift" */ = {
			isa = XCRemoteSwiftPackageReference;
			repositoryURL = "https://github.com/scalessec/Toast-Swift.git";
			requirement = {
				kind = upToNextMajorVersion;
				minimumVersion = 5.0.1;
			};
		};
		B1B21D0F295C99270083D9EE /* XCRemoteSwiftPackageReference "FloatingPanel" */ = {
			isa = XCRemoteSwiftPackageReference;
			repositoryURL = "https://github.com/scenee/FloatingPanel.git";
			requirement = {
				kind = upToNextMajorVersion;
				minimumVersion = 2.0.0;
			};
		};
		B1B21D12295C9C4B0083D9EE /* XCRemoteSwiftPackageReference "Floaty" */ = {
			isa = XCRemoteSwiftPackageReference;
			repositoryURL = "https://github.com/kciter/Floaty.git";
			requirement = {
				branch = master;
				kind = branch;
			};
		};
/* End XCRemoteSwiftPackageReference section */

/* Begin XCSwiftPackageProductDependency section */
		B10AACFA29673D4100AB8475 /* BottomSheet */ = {
			isa = XCSwiftPackageProductDependency;
			package = B10AACF929673D4100AB8475 /* XCRemoteSwiftPackageReference "BottomSheet" */;
			productName = BottomSheet;
		};
		B14D10BD2959D26C0004946F /* Then */ = {
			isa = XCSwiftPackageProductDependency;
			package = B14D10BC2959D26C0004946F /* XCRemoteSwiftPackageReference "Then" */;
			productName = Then;
		};
		B14D10C02959D2BC0004946F /* Moya */ = {
			isa = XCSwiftPackageProductDependency;
			package = B14D10BF2959D2BC0004946F /* XCRemoteSwiftPackageReference "Moya" */;
			productName = Moya;
		};
		B14D10C32959D3070004946F /* Kingfisher */ = {
			isa = XCSwiftPackageProductDependency;
			package = B14D10C22959D3070004946F /* XCRemoteSwiftPackageReference "Kingfisher" */;
			productName = Kingfisher;
		};
		B14D10C62959D3720004946F /* SnapKit */ = {
			isa = XCSwiftPackageProductDependency;
			package = B14D10C52959D3710004946F /* XCRemoteSwiftPackageReference "SnapKit" */;
			productName = SnapKit;
		};
		B1B21D0D295C985C0083D9EE /* Toast */ = {
			isa = XCSwiftPackageProductDependency;
			package = B1B21D0C295C985C0083D9EE /* XCRemoteSwiftPackageReference "Toast-Swift" */;
			productName = Toast;
		};
		B1B21D10295C99280083D9EE /* FloatingPanel */ = {
			isa = XCSwiftPackageProductDependency;
			package = B1B21D0F295C99270083D9EE /* XCRemoteSwiftPackageReference "FloatingPanel" */;
			productName = FloatingPanel;
		};
		B1B21D13295C9C4B0083D9EE /* Floaty */ = {
			isa = XCSwiftPackageProductDependency;
			package = B1B21D12295C9C4B0083D9EE /* XCRemoteSwiftPackageReference "Floaty" */;
			productName = Floaty;
		};
/* End XCSwiftPackageProductDependency section */
	};
	rootObject = B14D10722959C7980004946F /* Project object */;
}
